{
  "name": "2_npm_init_rapido",
  "version": "1.0.0",
  "lockfileVersion": 3,
  "requires": true,
  "packages": {
    "": {
      "name": "2_npm_init_rapido",
      "version": "1.0.0",
      "license": "ISC",
      "dependencies": {
        "2_npm_init_rapido": "file:"
      }
    },
    "node_modules/2_npm_init_rapido": {
      "resolved": "",
      "link": true
    }
  }
}
