{
  "name": "meu_projeto_npm",
  "version": "1.0.0",
  "lockfileVersion": 3,
  "requires": true,
  "packages": {
    "": {
      "name": "meu_projeto_npm",
      "version": "1.0.0",
      "license": "ISC",
      "dependencies": {
        "meu_projeto_npm": "file:"
      }
    },
    "node_modules/meu_projeto_npm": {
      "resolved": "",
      "link": true
    }
  }
}
